{
  "version": 4,
  "terraform_version": "1.8.0",
  "serial": 227,
  "lineage": "3746846f-1f19-7bdf-ee06-e08022055287",
  "outputs": {},
  "resources": [
    {
      "mode": "managed",
      "type": "aws_eip",
      "name": "nat_eip",
      "provider": "provider[\"registry.terraform.io/hashicorp/aws\"]",
      "instances": [
        {
          "index_key": 0,
          "schema_version": 0,
          "attributes": {
            "address": null,
            "allocation_id": "eipalloc-0786f6d767e95aac6",
            "associate_with_private_ip": null,
            "association_id": "eipassoc-0374a132c7457377c",
            "carrier_ip": "",
            "customer_owned_ip": "",
            "customer_owned_ipv4_pool": "",
            "domain": "vpc",
            "id": "eipalloc-0786f6d767e95aac6",
            "instance": "",
            "network_border_group": "us-east-2",
            "network_interface": "eni-089a73fd2e6920ab4",
            "private_dns": "ip-10-0-10-31.us-east-2.compute.internal",
            "private_ip": "10.0.10.31",
            "public_dns": "ec2-3-19-248-223.us-east-2.compute.amazonaws.com",
            "public_ip": "3.19.248.223",
            "public_ipv4_pool": "amazon",
            "tags": {
              "Name": "NAT-EIP-0"
            },
            "tags_all": {
              "Name": "NAT-EIP-0"
            },
            "timeouts": null,
            "vpc": true
          },
          "sensitive_attributes": [],
          "private": "eyJlMmJmYjczMC1lY2FhLTExZTYtOGY4OC0zNDM2M2JjN2M0YzAiOnsiZGVsZXRlIjoxODAwMDAwMDAwMDAsInJlYWQiOjkwMDAwMDAwMDAwMCwidXBkYXRlIjozMDAwMDAwMDAwMDB9fQ=="
        }
      ]
    },
    {
      "mode": "managed",
      "type": "aws_instance",
      "name": "public_instances",
      "provider": "provider[\"registry.terraform.io/hashicorp/aws\"]",
      "instances": [
        {
          "index_key": 0,
          "schema_version": 1,
          "attributes": {
            "ami": "ami-0c55b159cbfafe1f0",
            "arn": "arn:aws:ec2:us-east-2:730335498800:instance/i-0f65ec2ba49588d02",
            "associate_public_ip_address": true,
            "availability_zone": "us-east-2a",
            "capacity_reservation_specification": [
              {
                "capacity_reservation_preference": "open",
                "capacity_reservation_target": []
              }
            ],
            "cpu_core_count": 1,
            "cpu_options": [
              {
                "amd_sev_snp": "",
                "core_count": 1,
                "threads_per_core": 1
              }
            ],
            "cpu_threads_per_core": 1,
            "credit_specification": [
              {
                "cpu_credits": "standard"
              }
            ],
            "disable_api_stop": false,
            "disable_api_termination": false,
            "ebs_block_device": [],
            "ebs_optimized": false,
            "enclave_options": [
              {
                "enabled": false
              }
            ],
            "ephemeral_block_device": [],
            "get_password_data": false,
            "hibernation": false,
            "host_id": "",
            "host_resource_group_arn": null,
            "iam_instance_profile": "",
            "id": "i-0f65ec2ba49588d02",
            "instance_initiated_shutdown_behavior": "stop",
            "instance_lifecycle": "",
            "instance_market_options": [],
            "instance_state": "running",
            "instance_type": "t2.micro",
            "ipv6_address_count": 0,
            "ipv6_addresses": [],
            "key_name": "TF_key",
            "launch_template": [],
            "maintenance_options": [
              {
                "auto_recovery": "default"
              }
            ],
            "metadata_options": [
              {
                "http_endpoint": "enabled",
                "http_protocol_ipv6": "disabled",
                "http_put_response_hop_limit": 1,
                "http_tokens": "optional",
                "instance_metadata_tags": "disabled"
              }
            ],
            "monitoring": false,
            "network_interface": [],
            "outpost_arn": "",
            "password_data": "",
            "placement_group": "",
            "placement_partition_number": 0,
            "primary_network_interface_id": "eni-08a39ac4cde618c7b",
            "private_dns": "ip-10-0-10-98.us-east-2.compute.internal",
            "private_dns_name_options": [
              {
                "enable_resource_name_dns_a_record": false,
                "enable_resource_name_dns_aaaa_record": false,
                "hostname_type": "ip-name"
              }
            ],
            "private_ip": "10.0.10.98",
            "public_dns": "ec2-3-143-5-243.us-east-2.compute.amazonaws.com",
            "public_ip": "3.143.5.243",
            "root_block_device": [
              {
                "delete_on_termination": true,
                "device_name": "/dev/sda1",
                "encrypted": false,
                "iops": 100,
                "kms_key_id": "",
                "tags": {},
                "tags_all": {},
                "throughput": 0,
                "volume_id": "vol-0fa99157782bccecb",
                "volume_size": 8,
                "volume_type": "gp2"
              }
            ],
            "secondary_private_ips": [],
            "security_groups": [
              "sg-05ae2abc198d77a0f"
            ],
            "source_dest_check": true,
            "spot_instance_request_id": "",
            "subnet_id": "subnet-0499ab991d7bd3a2e",
            "tags": {
              "Name": "Public-Instance-0"
            },
            "tags_all": {
              "Name": "Public-Instance-0"
            },
            "tenancy": "default",
            "timeouts": null,
            "user_data": null,
            "user_data_base64": null,
            "user_data_replace_on_change": false,
            "volume_tags": null,
            "vpc_security_group_ids": [
              "sg-05ae2abc198d77a0f"
            ]
          },
          "sensitive_attributes": [],
          "private": "eyJlMmJmYjczMC1lY2FhLTExZTYtOGY4OC0zNDM2M2JjN2M0YzAiOnsiY3JlYXRlIjo2MDAwMDAwMDAwMDAsImRlbGV0ZSI6MTIwMDAwMDAwMDAwMCwicmVhZCI6OTAwMDAwMDAwMDAwLCJ1cGRhdGUiOjYwMDAwMDAwMDAwMH0sInNjaGVtYV92ZXJzaW9uIjoiMSJ9",
          "dependencies": [
            "aws_key_pair.TF_key",
            "aws_security_group.allow_http_https",
            "aws_subnet.public_subnets",
            "aws_vpc.lab_vpc",
            "tls_private_key.rsa"
          ]
        },
        {
          "index_key": 1,
          "schema_version": 1,
          "attributes": {
            "ami": "ami-0c55b159cbfafe1f0",
            "arn": "arn:aws:ec2:us-east-2:730335498800:instance/i-03dbe2ada54bfc463",
            "associate_public_ip_address": true,
            "availability_zone": "us-east-2b",
            "capacity_reservation_specification": [
              {
                "capacity_reservation_preference": "open",
                "capacity_reservation_target": []
              }
            ],
            "cpu_core_count": 1,
            "cpu_options": [
              {
                "amd_sev_snp": "",
                "core_count": 1,
                "threads_per_core": 1
              }
            ],
            "cpu_threads_per_core": 1,
            "credit_specification": [
              {
                "cpu_credits": "standard"
              }
            ],
            "disable_api_stop": false,
            "disable_api_termination": false,
            "ebs_block_device": [],
            "ebs_optimized": false,
            "enclave_options": [
              {
                "enabled": false
              }
            ],
            "ephemeral_block_device": [],
            "get_password_data": false,
            "hibernation": false,
            "host_id": "",
            "host_resource_group_arn": null,
            "iam_instance_profile": "",
            "id": "i-03dbe2ada54bfc463",
            "instance_initiated_shutdown_behavior": "stop",
            "instance_lifecycle": "",
            "instance_market_options": [],
            "instance_state": "running",
            "instance_type": "t2.micro",
            "ipv6_address_count": 0,
            "ipv6_addresses": [],
            "key_name": "TF_key",
            "launch_template": [],
            "maintenance_options": [
              {
                "auto_recovery": "default"
              }
            ],
            "metadata_options": [
              {
                "http_endpoint": "enabled",
                "http_protocol_ipv6": "disabled",
                "http_put_response_hop_limit": 1,
                "http_tokens": "optional",
                "instance_metadata_tags": "disabled"
              }
            ],
            "monitoring": false,
            "network_interface": [],
            "outpost_arn": "",
            "password_data": "",
            "placement_group": "",
            "placement_partition_number": 0,
            "primary_network_interface_id": "eni-06f856e0b9220a5c2",
            "private_dns": "ip-10-0-20-110.us-east-2.compute.internal",
            "private_dns_name_options": [
              {
                "enable_resource_name_dns_a_record": false,
                "enable_resource_name_dns_aaaa_record": false,
                "hostname_type": "ip-name"
              }
            ],
            "private_ip": "10.0.20.110",
            "public_dns": "ec2-3-12-103-226.us-east-2.compute.amazonaws.com",
            "public_ip": "3.12.103.226",
            "root_block_device": [
              {
                "delete_on_termination": true,
                "device_name": "/dev/sda1",
                "encrypted": false,
                "iops": 100,
                "kms_key_id": "",
                "tags": {},
                "tags_all": {},
                "throughput": 0,
                "volume_id": "vol-076cde06097699779",
                "volume_size": 8,
                "volume_type": "gp2"
              }
            ],
            "secondary_private_ips": [],
            "security_groups": [
              "sg-05ae2abc198d77a0f"
            ],
            "source_dest_check": true,
            "spot_instance_request_id": "",
            "subnet_id": "subnet-014cd958dfabe1ec8",
            "tags": {
              "Name": "Public-Instance-1"
            },
            "tags_all": {
              "Name": "Public-Instance-1"
            },
            "tenancy": "default",
            "timeouts": null,
            "user_data": null,
            "user_data_base64": null,
            "user_data_replace_on_change": false,
            "volume_tags": null,
            "vpc_security_group_ids": [
              "sg-05ae2abc198d77a0f"
            ]
          },
          "sensitive_attributes": [],
          "private": "eyJlMmJmYjczMC1lY2FhLTExZTYtOGY4OC0zNDM2M2JjN2M0YzAiOnsiY3JlYXRlIjo2MDAwMDAwMDAwMDAsImRlbGV0ZSI6MTIwMDAwMDAwMDAwMCwicmVhZCI6OTAwMDAwMDAwMDAwLCJ1cGRhdGUiOjYwMDAwMDAwMDAwMH0sInNjaGVtYV92ZXJzaW9uIjoiMSJ9",
          "dependencies": [
            "aws_key_pair.TF_key",
            "aws_security_group.allow_http_https",
            "aws_subnet.public_subnets",
            "aws_vpc.lab_vpc",
            "tls_private_key.rsa"
          ]
        }
      ]
    },
    {
      "mode": "managed",
      "type": "aws_internet_gateway",
      "name": "lab_igw",
      "provider": "provider[\"registry.terraform.io/hashicorp/aws\"]",
      "instances": [
        {
          "schema_version": 0,
          "attributes": {
            "arn": "arn:aws:ec2:us-east-2:730335498800:internet-gateway/igw-099db4ab06099e764",
            "id": "igw-099db4ab06099e764",
            "owner_id": "730335498800",
            "tags": {
              "Name": "VPC-Lab-IGW"
            },
            "tags_all": {
              "Name": "VPC-Lab-IGW"
            },
            "timeouts": null,
            "vpc_id": "vpc-032653ef8293842a2"
          },
          "sensitive_attributes": [],
          "private": "eyJlMmJmYjczMC1lY2FhLTExZTYtOGY4OC0zNDM2M2JjN2M0YzAiOnsiY3JlYXRlIjoxMjAwMDAwMDAwMDAwLCJkZWxldGUiOjEyMDAwMDAwMDAwMDAsInVwZGF0ZSI6MTIwMDAwMDAwMDAwMH19",
          "dependencies": [
            "aws_vpc.lab_vpc"
          ]
        }
      ]
    },
    {
      "mode": "managed",
      "type": "aws_key_pair",
      "name": "TF_key",
      "provider": "provider[\"registry.terraform.io/hashicorp/aws\"]",
      "instances": [
        {
          "schema_version": 1,
          "attributes": {
            "arn": "arn:aws:ec2:us-east-2:730335498800:key-pair/TF_key",
            "fingerprint": "18:13:ea:32:f0:d6:d4:88:41:65:98:7e:b6:2a:bf:b5",
            "id": "TF_key",
            "key_name": "TF_key",
            "key_name_prefix": "",
            "key_pair_id": "key-09117ff9d0544313f",
            "key_type": "rsa",
            "public_key": "ssh-rsa AAAAB3NzaC1yc2EAAAADAQABAAACAQDB7L6H07t8DAAHTD079Xfu7lb/6CwI/GpREm4ChKQMidUMTDWnXOvlVC3Gd1CNk32W3pUbEwMuyT88/8J2pl3BOewbQncfNerpTSCWxVO/o0lgu6vyxxc72TYFoASxWYiDBHarWhr9+1Y+h2V5XbNqZ6uD3dLNtblQU9tJCl/cgOPxP29ize3sMomlP64mDmjysU14Wnej/5HWGtm7DhCRhl5nkyehBriPTruNu84p06r6dwclXRVOSPNQThVTpZq7Y3EklzTBOV/ul5evrD0O3YiTaX87yDZXfVIOkAWJ2K1iVXDe9qZy3duqfcJLTEfpZI90MIU1pmcvq6qCiPmM5BbXcXKhsjgJ7TostRqJQ+pCUqf5fq6M6R7EZrQAuI0Wu6zg1V/H1eafSoHJnaRvEUMSZKZ1LX0M7jQ7truo2npe6j41AOS9vdJiWNr+52xyXeJTkELC4+rFh1CjLjfRnxRFqW1uVyX94G7hRxFJPIL9jsWExkVyDrJzVvg4muZ/eMq0MWpdg8tNrekZqG0HJUbs4UbqMYH7jufj0iCHu310jYkCuRXKeZV08rOXx/AQuqfoLFrezI/UMX8oJTVqevlju3jMfrC4kJOQ2Ss2AHVVOZ0XRynKCKsp6WcUqE42RfUMsqeCxKIkBinoMlYhCIBZrJoTLmvRrVOvgPSbXQ==",
            "tags": {},
            "tags_all": {}
          },
          "sensitive_attributes": [],
          "private": "eyJzY2hlbWFfdmVyc2lvbiI6IjEifQ==",
          "dependencies": [
            "tls_private_key.rsa"
          ]
        }
      ]
    },
    {
      "mode": "managed",
      "type": "aws_lb",
      "name": "my_alb",
      "provider": "provider[\"registry.terraform.io/hashicorp/aws\"]",
      "instances": [
        {
          "schema_version": 0,
          "attributes": {
            "access_logs": [
              {
                "bucket": "",
                "enabled": false,
                "prefix": ""
              }
            ],
            "arn": "arn:aws:elasticloadbalancing:us-east-2:730335498800:loadbalancer/app/my-alb/ac7dd5fc4a126920",
            "arn_suffix": "app/my-alb/ac7dd5fc4a126920",
            "connection_logs": [
              {
                "bucket": "",
                "enabled": false,
                "prefix": ""
              }
            ],
            "customer_owned_ipv4_pool": "",
            "desync_mitigation_mode": "defensive",
            "dns_name": "my-alb-912649582.us-east-2.elb.amazonaws.com",
            "dns_record_client_routing_policy": null,
            "drop_invalid_header_fields": false,
            "enable_cross_zone_load_balancing": true,
            "enable_deletion_protection": false,
            "enable_http2": true,
            "enable_tls_version_and_cipher_suite_headers": false,
            "enable_waf_fail_open": false,
            "enable_xff_client_port": false,
            "enforce_security_group_inbound_rules_on_private_link_traffic": "",
            "id": "arn:aws:elasticloadbalancing:us-east-2:730335498800:loadbalancer/app/my-alb/ac7dd5fc4a126920",
            "idle_timeout": 60,
            "internal": false,
            "ip_address_type": "ipv4",
            "load_balancer_type": "application",
            "name": "my-alb",
            "name_prefix": "",
            "preserve_host_header": false,
            "security_groups": [
              "sg-05ae2abc198d77a0f"
            ],
            "subnet_mapping": [
              {
                "allocation_id": "",
                "ipv6_address": "",
                "outpost_id": "",
                "private_ipv4_address": "",
                "subnet_id": "subnet-014cd958dfabe1ec8"
              },
              {
                "allocation_id": "",
                "ipv6_address": "",
                "outpost_id": "",
                "private_ipv4_address": "",
                "subnet_id": "subnet-0499ab991d7bd3a2e"
              }
            ],
            "subnets": [
              "subnet-014cd958dfabe1ec8",
              "subnet-0499ab991d7bd3a2e"
            ],
            "tags": {
              "Name": "MyALB"
            },
            "tags_all": {
              "Name": "MyALB"
            },
            "timeouts": null,
            "vpc_id": "vpc-032653ef8293842a2",
            "xff_header_processing_mode": "append",
            "zone_id": "Z3AADJGX6KTTL2"
          },
          "sensitive_attributes": [],
          "private": "eyJlMmJmYjczMC1lY2FhLTExZTYtOGY4OC0zNDM2M2JjN2M0YzAiOnsiY3JlYXRlIjo2MDAwMDAwMDAwMDAsImRlbGV0ZSI6NjAwMDAwMDAwMDAwLCJ1cGRhdGUiOjYwMDAwMDAwMDAwMH19",
          "dependencies": [
            "aws_security_group.allow_http_https",
            "aws_subnet.public_subnets",
            "aws_vpc.lab_vpc"
          ]
        }
      ]
    },
    {
      "mode": "managed",
      "type": "aws_lb_listener",
      "name": "http_listener",
      "provider": "provider[\"registry.terraform.io/hashicorp/aws\"]",
      "instances": [
        {
          "schema_version": 0,
          "attributes": {
            "alpn_policy": null,
            "arn": "arn:aws:elasticloadbalancing:us-east-2:730335498800:listener/app/my-alb/ac7dd5fc4a126920/209728f5fd3d9428",
            "certificate_arn": null,
            "default_action": [
              {
                "authenticate_cognito": [],
                "authenticate_oidc": [],
                "fixed_response": [],
                "forward": [],
                "order": 1,
                "redirect": [
                  {
                    "host": "#{host}",
                    "path": "/#{path}",
                    "port": "443",
                    "protocol": "HTTPS",
                    "query": "#{query}",
                    "status_code": "HTTP_301"
                  }
                ],
                "target_group_arn": "",
                "type": "redirect"
              }
            ],
            "id": "arn:aws:elasticloadbalancing:us-east-2:730335498800:listener/app/my-alb/ac7dd5fc4a126920/209728f5fd3d9428",
            "load_balancer_arn": "arn:aws:elasticloadbalancing:us-east-2:730335498800:loadbalancer/app/my-alb/ac7dd5fc4a126920",
            "mutual_authentication": [],
            "port": 80,
            "protocol": "HTTP",
            "ssl_policy": "",
            "tags": {},
            "tags_all": {},
            "timeouts": null
          },
          "sensitive_attributes": [],
          "private": "eyJlMmJmYjczMC1lY2FhLTExZTYtOGY4OC0zNDM2M2JjN2M0YzAiOnsiY3JlYXRlIjozMDAwMDAwMDAwMDAsInVwZGF0ZSI6MzAwMDAwMDAwMDAwfX0=",
          "dependencies": [
            "aws_lb.my_alb",
            "aws_security_group.allow_http_https",
            "aws_subnet.public_subnets",
            "aws_vpc.lab_vpc"
          ]
        }
      ]
    },
    {
      "mode": "managed",
      "type": "aws_lb_target_group",
      "name": "my_target_group",
      "provider": "provider[\"registry.terraform.io/hashicorp/aws\"]",
      "instances": [
        {
          "schema_version": 0,
          "attributes": {
            "arn": "arn:aws:elasticloadbalancing:us-east-2:730335498800:targetgroup/my-target-group/23daf8cf03cab1ec",
            "arn_suffix": "targetgroup/my-target-group/23daf8cf03cab1ec",
            "connection_termination": null,
            "deregistration_delay": "300",
            "health_check": [
              {
                "enabled": true,
                "healthy_threshold": 5,
                "interval": 30,
                "matcher": "200",
                "path": "/",
                "port": "traffic-port",
                "protocol": "HTTP",
                "timeout": 5,
                "unhealthy_threshold": 2
              }
            ],
            "id": "arn:aws:elasticloadbalancing:us-east-2:730335498800:targetgroup/my-target-group/23daf8cf03cab1ec",
            "ip_address_type": "ipv4",
            "lambda_multi_value_headers_enabled": false,
            "load_balancer_arns": [],
            "load_balancing_algorithm_type": "round_robin",
            "load_balancing_anomaly_mitigation": "off",
            "load_balancing_cross_zone_enabled": "use_load_balancer_configuration",
            "name": "my-target-group",
            "name_prefix": "",
            "port": 80,
            "preserve_client_ip": null,
            "protocol": "HTTP",
            "protocol_version": "HTTP1",
            "proxy_protocol_v2": false,
            "slow_start": 0,
            "stickiness": [
              {
                "cookie_duration": 86400,
                "cookie_name": "",
                "enabled": false,
                "type": "lb_cookie"
              }
            ],
            "tags": {},
            "tags_all": {},
            "target_failover": [
              {
                "on_deregistration": null,
                "on_unhealthy": null
              }
            ],
            "target_health_state": [
              {
                "enable_unhealthy_connection_termination": null
              }
            ],
            "target_type": "instance",
            "vpc_id": "vpc-032653ef8293842a2"
          },
          "sensitive_attributes": [],
          "private": "bnVsbA==",
          "dependencies": [
            "aws_vpc.lab_vpc"
          ]
        }
      ]
    },
    {
      "mode": "managed",
      "type": "aws_nat_gateway",
      "name": "nat_gateway",
      "provider": "provider[\"registry.terraform.io/hashicorp/aws\"]",
      "instances": [
        {
          "index_key": 0,
          "schema_version": 0,
          "attributes": {
            "allocation_id": "eipalloc-0786f6d767e95aac6",
            "association_id": "eipassoc-0374a132c7457377c",
            "connectivity_type": "public",
            "id": "nat-01a260dd35a49c923",
            "network_interface_id": "eni-089a73fd2e6920ab4",
            "private_ip": "10.0.10.31",
            "public_ip": "3.19.248.223",
            "secondary_allocation_ids": [],
            "secondary_private_ip_address_count": 0,
            "secondary_private_ip_addresses": [],
            "subnet_id": "subnet-0499ab991d7bd3a2e",
            "tags": {
              "Name": "NAT-Gateway-0"
            },
            "tags_all": {
              "Name": "NAT-Gateway-0"
            },
            "timeouts": null
          },
          "sensitive_attributes": [],
          "private": "eyJlMmJmYjczMC1lY2FhLTExZTYtOGY4OC0zNDM2M2JjN2M0YzAiOnsiY3JlYXRlIjo2MDAwMDAwMDAwMDAsImRlbGV0ZSI6MTgwMDAwMDAwMDAwMCwidXBkYXRlIjo2MDAwMDAwMDAwMDB9fQ==",
          "dependencies": [
            "aws_eip.nat_eip",
            "aws_subnet.public_subnets",
            "aws_vpc.lab_vpc"
          ]
        }
      ]
    },
    {
      "mode": "managed",
      "type": "aws_route_table",
      "name": "public_route_table",
      "provider": "provider[\"registry.terraform.io/hashicorp/aws\"]",
      "instances": [
        {
          "schema_version": 0,
          "attributes": {
            "arn": "arn:aws:ec2:us-east-2:730335498800:route-table/rtb-00cb7ad632d9ec6f1",
            "id": "rtb-00cb7ad632d9ec6f1",
            "owner_id": "730335498800",
            "propagating_vgws": [],
            "route": [
              {
                "carrier_gateway_id": "",
                "cidr_block": "0.0.0.0/0",
                "core_network_arn": "",
                "destination_prefix_list_id": "",
                "egress_only_gateway_id": "",
                "gateway_id": "igw-099db4ab06099e764",
                "ipv6_cidr_block": "",
                "local_gateway_id": "",
                "nat_gateway_id": "",
                "network_interface_id": "",
                "transit_gateway_id": "",
                "vpc_endpoint_id": "",
                "vpc_peering_connection_id": ""
              }
            ],
            "tags": {
              "Name": "public_route_table"
            },
            "tags_all": {
              "Name": "public_route_table"
            },
            "timeouts": null,
            "vpc_id": "vpc-032653ef8293842a2"
          },
          "sensitive_attributes": [],
          "private": "eyJlMmJmYjczMC1lY2FhLTExZTYtOGY4OC0zNDM2M2JjN2M0YzAiOnsiY3JlYXRlIjozMDAwMDAwMDAwMDAsImRlbGV0ZSI6MzAwMDAwMDAwMDAwLCJ1cGRhdGUiOjEyMDAwMDAwMDAwMH19",
          "dependencies": [
            "aws_internet_gateway.lab_igw",
            "aws_vpc.lab_vpc"
          ]
        }
      ]
    },
    {
      "mode": "managed",
      "type": "aws_route_table_association",
      "name": "public_route_association",
      "provider": "provider[\"registry.terraform.io/hashicorp/aws\"]",
      "instances": [
        {
          "index_key": 0,
          "schema_version": 0,
          "attributes": {
            "gateway_id": "",
            "id": "rtbassoc-0a51b5ec4502cc250",
            "route_table_id": "rtb-00cb7ad632d9ec6f1",
            "subnet_id": "subnet-0499ab991d7bd3a2e",
            "timeouts": null
          },
          "sensitive_attributes": [],
          "private": "eyJlMmJmYjczMC1lY2FhLTExZTYtOGY4OC0zNDM2M2JjN2M0YzAiOnsiY3JlYXRlIjozMDAwMDAwMDAwMDAsImRlbGV0ZSI6MzAwMDAwMDAwMDAwLCJ1cGRhdGUiOjEyMDAwMDAwMDAwMH19",
          "dependencies": [
            "aws_internet_gateway.lab_igw",
            "aws_route_table.public_route_table",
            "aws_subnet.public_subnets",
            "aws_vpc.lab_vpc"
          ]
        },
        {
          "index_key": 1,
          "schema_version": 0,
          "attributes": {
            "gateway_id": "",
            "id": "rtbassoc-0c605ee94c4b6d1ac",
            "route_table_id": "rtb-00cb7ad632d9ec6f1",
            "subnet_id": "subnet-014cd958dfabe1ec8",
            "timeouts": null
          },
          "sensitive_attributes": [],
          "private": "eyJlMmJmYjczMC1lY2FhLTExZTYtOGY4OC0zNDM2M2JjN2M0YzAiOnsiY3JlYXRlIjozMDAwMDAwMDAwMDAsImRlbGV0ZSI6MzAwMDAwMDAwMDAwLCJ1cGRhdGUiOjEyMDAwMDAwMDAwMH19",
          "dependencies": [
            "aws_internet_gateway.lab_igw",
            "aws_route_table.public_route_table",
            "aws_subnet.public_subnets",
            "aws_vpc.lab_vpc"
          ]
        }
      ]
    },
    {
      "mode": "managed",
      "type": "aws_security_group",
      "name": "allow_http_https",
      "provider": "provider[\"registry.terraform.io/hashicorp/aws\"]",
      "instances": [
        {
          "schema_version": 1,
          "attributes": {
            "arn": "arn:aws:ec2:us-east-2:730335498800:security-group/sg-05ae2abc198d77a0f",
            "description": "Allow HTTP and HTTPS inbound traffic",
            "egress": [
              {
                "cidr_blocks": [
                  "0.0.0.0/0"
                ],
                "description": "",
                "from_port": 0,
                "ipv6_cidr_blocks": [],
                "prefix_list_ids": [],
                "protocol": "-1",
                "security_groups": [],
                "self": false,
                "to_port": 0
              }
            ],
            "id": "sg-05ae2abc198d77a0f",
            "ingress": [
              {
                "cidr_blocks": [
                  "0.0.0.0/0"
                ],
                "description": "",
                "from_port": 22,
                "ipv6_cidr_blocks": [],
                "prefix_list_ids": [],
                "protocol": "tcp",
                "security_groups": [],
                "self": false,
                "to_port": 22
              },
              {
                "cidr_blocks": [
                  "0.0.0.0/0"
                ],
                "description": "",
                "from_port": 443,
                "ipv6_cidr_blocks": [],
                "prefix_list_ids": [],
                "protocol": "tcp",
                "security_groups": [],
                "self": false,
                "to_port": 443
              },
              {
                "cidr_blocks": [
                  "0.0.0.0/0"
                ],
                "description": "",
                "from_port": 80,
                "ipv6_cidr_blocks": [],
                "prefix_list_ids": [],
                "protocol": "tcp",
                "security_groups": [],
                "self": false,
                "to_port": 80
              }
            ],
            "name": "allow_http_https",
            "name_prefix": "",
            "owner_id": "730335498800",
            "revoke_rules_on_delete": false,
            "tags": {
              "Name": "allow_http_https"
            },
            "tags_all": {
              "Name": "allow_http_https"
            },
            "timeouts": null,
            "vpc_id": "vpc-032653ef8293842a2"
          },
          "sensitive_attributes": [],
          "private": "eyJlMmJmYjczMC1lY2FhLTExZTYtOGY4OC0zNDM2M2JjN2M0YzAiOnsiY3JlYXRlIjo2MDAwMDAwMDAwMDAsImRlbGV0ZSI6OTAwMDAwMDAwMDAwfSwic2NoZW1hX3ZlcnNpb24iOiIxIn0=",
          "dependencies": [
            "aws_vpc.lab_vpc"
          ]
        }
      ]
    },
    {
      "mode": "managed",
      "type": "aws_subnet",
      "name": "private_subnets",
      "provider": "provider[\"registry.terraform.io/hashicorp/aws\"]",
      "instances": [
        {
          "index_key": 0,
          "schema_version": 1,
          "attributes": {
            "arn": "arn:aws:ec2:us-east-2:730335498800:subnet/subnet-070376ec879430abf",
            "assign_ipv6_address_on_creation": false,
            "availability_zone": "us-east-2a",
            "availability_zone_id": "use2-az1",
            "cidr_block": "10.0.100.0/24",
            "customer_owned_ipv4_pool": "",
            "enable_dns64": false,
            "enable_lni_at_device_index": 0,
            "enable_resource_name_dns_a_record_on_launch": false,
            "enable_resource_name_dns_aaaa_record_on_launch": false,
            "id": "subnet-070376ec879430abf",
            "ipv6_cidr_block": "",
            "ipv6_cidr_block_association_id": "",
            "ipv6_native": false,
            "map_customer_owned_ip_on_launch": false,
            "map_public_ip_on_launch": false,
            "outpost_arn": "",
            "owner_id": "730335498800",
            "private_dns_hostname_type_on_launch": "ip-name",
            "tags": {
              "Name": "private_subnet-0"
            },
            "tags_all": {
              "Name": "private_subnet-0"
            },
            "timeouts": null,
            "vpc_id": "vpc-032653ef8293842a2"
          },
          "sensitive_attributes": [],
          "private": "eyJlMmJmYjczMC1lY2FhLTExZTYtOGY4OC0zNDM2M2JjN2M0YzAiOnsiY3JlYXRlIjo2MDAwMDAwMDAwMDAsImRlbGV0ZSI6MTIwMDAwMDAwMDAwMH0sInNjaGVtYV92ZXJzaW9uIjoiMSJ9",
          "dependencies": [
            "aws_vpc.lab_vpc"
          ]
        },
        {
          "index_key": 1,
          "schema_version": 1,
          "attributes": {
            "arn": "arn:aws:ec2:us-east-2:730335498800:subnet/subnet-08caadb30cadddae6",
            "assign_ipv6_address_on_creation": false,
            "availability_zone": "us-east-2b",
            "availability_zone_id": "use2-az2",
            "cidr_block": "10.0.200.0/24",
            "customer_owned_ipv4_pool": "",
            "enable_dns64": false,
            "enable_lni_at_device_index": 0,
            "enable_resource_name_dns_a_record_on_launch": false,
            "enable_resource_name_dns_aaaa_record_on_launch": false,
            "id": "subnet-08caadb30cadddae6",
            "ipv6_cidr_block": "",
            "ipv6_cidr_block_association_id": "",
            "ipv6_native": false,
            "map_customer_owned_ip_on_launch": false,
            "map_public_ip_on_launch": false,
            "outpost_arn": "",
            "owner_id": "730335498800",
            "private_dns_hostname_type_on_launch": "ip-name",
            "tags": {
              "Name": "private_subnet-1"
            },
            "tags_all": {
              "Name": "private_subnet-1"
            },
            "timeouts": null,
            "vpc_id": "vpc-032653ef8293842a2"
          },
          "sensitive_attributes": [],
          "private": "eyJlMmJmYjczMC1lY2FhLTExZTYtOGY4OC0zNDM2M2JjN2M0YzAiOnsiY3JlYXRlIjo2MDAwMDAwMDAwMDAsImRlbGV0ZSI6MTIwMDAwMDAwMDAwMH0sInNjaGVtYV92ZXJzaW9uIjoiMSJ9",
          "dependencies": [
            "aws_vpc.lab_vpc"
          ]
        }
      ]
    },
    {
      "mode": "managed",
      "type": "aws_subnet",
      "name": "public_subnets",
      "provider": "provider[\"registry.terraform.io/hashicorp/aws\"]",
      "instances": [
        {
          "index_key": 0,
          "schema_version": 1,
          "attributes": {
            "arn": "arn:aws:ec2:us-east-2:730335498800:subnet/subnet-0499ab991d7bd3a2e",
            "assign_ipv6_address_on_creation": false,
            "availability_zone": "us-east-2a",
            "availability_zone_id": "use2-az1",
            "cidr_block": "10.0.10.0/24",
            "customer_owned_ipv4_pool": "",
            "enable_dns64": false,
            "enable_lni_at_device_index": 0,
            "enable_resource_name_dns_a_record_on_launch": false,
            "enable_resource_name_dns_aaaa_record_on_launch": false,
            "id": "subnet-0499ab991d7bd3a2e",
            "ipv6_cidr_block": "",
            "ipv6_cidr_block_association_id": "",
            "ipv6_native": false,
            "map_customer_owned_ip_on_launch": false,
            "map_public_ip_on_launch": true,
            "outpost_arn": "",
            "owner_id": "730335498800",
            "private_dns_hostname_type_on_launch": "ip-name",
            "tags": {
              "Name": "public_subnet-0"
            },
            "tags_all": {
              "Name": "public_subnet-0"
            },
            "timeouts": null,
            "vpc_id": "vpc-032653ef8293842a2"
          },
          "sensitive_attributes": [],
          "private": "eyJlMmJmYjczMC1lY2FhLTExZTYtOGY4OC0zNDM2M2JjN2M0YzAiOnsiY3JlYXRlIjo2MDAwMDAwMDAwMDAsImRlbGV0ZSI6MTIwMDAwMDAwMDAwMH0sInNjaGVtYV92ZXJzaW9uIjoiMSJ9",
          "dependencies": [
            "aws_vpc.lab_vpc"
          ]
        },
        {
          "index_key": 1,
          "schema_version": 1,
          "attributes": {
            "arn": "arn:aws:ec2:us-east-2:730335498800:subnet/subnet-014cd958dfabe1ec8",
            "assign_ipv6_address_on_creation": false,
            "availability_zone": "us-east-2b",
            "availability_zone_id": "use2-az2",
            "cidr_block": "10.0.20.0/24",
            "customer_owned_ipv4_pool": "",
            "enable_dns64": false,
            "enable_lni_at_device_index": 0,
            "enable_resource_name_dns_a_record_on_launch": false,
            "enable_resource_name_dns_aaaa_record_on_launch": false,
            "id": "subnet-014cd958dfabe1ec8",
            "ipv6_cidr_block": "",
            "ipv6_cidr_block_association_id": "",
            "ipv6_native": false,
            "map_customer_owned_ip_on_launch": false,
            "map_public_ip_on_launch": true,
            "outpost_arn": "",
            "owner_id": "730335498800",
            "private_dns_hostname_type_on_launch": "ip-name",
            "tags": {
              "Name": "public_subnet-1"
            },
            "tags_all": {
              "Name": "public_subnet-1"
            },
            "timeouts": null,
            "vpc_id": "vpc-032653ef8293842a2"
          },
          "sensitive_attributes": [],
          "private": "eyJlMmJmYjczMC1lY2FhLTExZTYtOGY4OC0zNDM2M2JjN2M0YzAiOnsiY3JlYXRlIjo2MDAwMDAwMDAwMDAsImRlbGV0ZSI6MTIwMDAwMDAwMDAwMH0sInNjaGVtYV92ZXJzaW9uIjoiMSJ9",
          "dependencies": [
            "aws_vpc.lab_vpc"
          ]
        }
      ]
    },
    {
      "mode": "managed",
      "type": "aws_vpc",
      "name": "lab_vpc",
      "provider": "provider[\"registry.terraform.io/hashicorp/aws\"]",
      "instances": [
        {
          "schema_version": 1,
          "attributes": {
            "arn": "arn:aws:ec2:us-east-2:730335498800:vpc/vpc-032653ef8293842a2",
            "assign_generated_ipv6_cidr_block": false,
            "cidr_block": "10.0.0.0/16",
            "default_network_acl_id": "acl-0ebfdabba8718935c",
            "default_route_table_id": "rtb-0c1b6a5738fe311b7",
            "default_security_group_id": "sg-028fdca5471dab2d4",
            "dhcp_options_id": "dopt-01002e4a13ee9faf0",
            "enable_dns_hostnames": true,
            "enable_dns_support": true,
            "enable_network_address_usage_metrics": false,
            "id": "vpc-032653ef8293842a2",
            "instance_tenancy": "default",
            "ipv4_ipam_pool_id": null,
            "ipv4_netmask_length": null,
            "ipv6_association_id": "",
            "ipv6_cidr_block": "",
            "ipv6_cidr_block_network_border_group": "",
            "ipv6_ipam_pool_id": "",
            "ipv6_netmask_length": 0,
            "main_route_table_id": "rtb-0c1b6a5738fe311b7",
            "owner_id": "730335498800",
            "tags": {
              "Name": "VPC-Lab"
            },
            "tags_all": {
              "Name": "VPC-Lab"
            }
          },
          "sensitive_attributes": [],
          "private": "eyJzY2hlbWFfdmVyc2lvbiI6IjEifQ=="
        }
      ]
    },
    {
      "mode": "managed",
      "type": "local_file",
      "name": "TF_Key",
      "provider": "provider[\"registry.terraform.io/hashicorp/local\"]",
      "instances": [
        {
          "schema_version": 0,
          "attributes": {
            "content": "-----BEGIN RSA PRIVATE KEY-----\nMIIJKAIBAAKCAgEAwey+h9O7fAwAB0w9O/V37u5W/+gsCPxqURJuAoSkDInVDEw1\np1zr5VQtxndQjZN9lt6VGxMDLsk/PP/CdqZdwTnsG0J3HzXq6U0glsVTv6NJYLur\n8scXO9k2BaAEsVmIgwR2q1oa/ftWPodleV2zamerg93SzbW5UFPbSQpf3IDj8T9v\nYs3t7DKJpT+uJg5o8rFNeFp3o/+R1hrZuw4QkYZeZ5MnoQa4j067jbvOKdOq+ncH\nJV0VTkjzUE4VU6Wau2NxJJc0wTlf7peXr6w9Dt2Ik2l/O8g2V31SDpAFiditYlVw\n3vamct3bqn3CS0xH6WSPdDCFNaZnL6uqgoj5jOQW13FyobI4Ce06LLUaiUPqQlKn\n+X6ujOkexGa0ALiNFrus4NVfx9Xmn0qByZ2kbxFDEmSmdS19DO40O7a7qNp6Xuo+\nNQDkvb3SYlja/udscl3iU5BCwuPqxYdQoy430Z8URaltblcl/eBu4UcRSTyC/Y7F\nhMZFcg6yc1b4OJrmf3jKtDFqXYPLTa3pGahtByVG7OFG6jGB+47n49Igh7t9dI2J\nArkVynmVdPKzl8fwELqn6Cxa3syP1DF/KCU1anr5Y7t4zH6wuJCTkNkrNgB1VTmd\nF0cpygirKelnFKhONkX1DLKngsSiJAYp6DJWIQiAWayaEy5r0a1Tr4D0m10CAwEA\nAQKCAgEAtydrGAvgshr/V+UonF2NRYuzfYUBOgd0PlfCsPwnmHQBVNkRf51iarjj\nduOvn9diMUDN4MFHK0QFRw5j0v3z5JBZL7HJoh+hW3FtyxhZrdCBeCwoDWb9yZev\nzwZACGSAawWnMtUqUyCzZuEn9MWLs35wXl3+QC1W9cgNfuGegjr1jh+UiuPlx0Q/\n/mOzjdvkQPs2KOqAvtKdIXNAmsuA2IDo3rf8ILihTTBWMVnkMFrqzB3pEN/mRIbf\nzsPAnrz08/DKpn1s5OXUdhqUt+Vb0ZNn75ofAg5pTJ5fBsP9hyCvOQVrUhnwQOLL\nGi4meEl2TbedSWaeGXqtUDe5FgpabZHAOe+gsvEocfXSsInoyY7jlwxLU70GuRIX\nlSOaZCEKvXXmios+lWJ9ziDaCXaIMQy5G1d/Asqr/QKV4v8yYjw83RMEtpmbcSiC\n5KkX6+6lWUtptdcAKSZsdrKUQFckGNIu3szClGRg9RSAjATMWk2qwLebkZQtum5Y\nXQ0N9gTKrISVpAZmCLIBgqnt+4BfRu38LErWNFCpAxY34gRk8usJcQ+BUemRK0eo\nE5lvxnaqUUNrxinJ0uI+4mdgF6Yj8gNpsQp1c8OcSnkmQXD7wg1Xwc09pAsILafz\nu8/lvMgoLIwJ1iNDb4H9ljZMk3rj6OHMyqe2+epDBO1eCSQH+/0CggEBAPDyC6sI\nm6o3fTWNBkyQXEKm2BPVV/GWgEE2GI9Vh6SON+MDkQxddHkNcJ4Gmxh0lp/imUit\n6bcQweYMbKHV0O8j2/jEYhv0H9DOJRFm2pPVdeDdNU/TlGJKL64VIxFXFXFrKyWW\no3Ip0bPX5LG1T6UUanrRWMf0/lvvhfNirApZO858A/tooNWWiuLROrtKphKpLtXr\nkfa0bJHOpzsvz+PmoCf5KZDgC5mYxruHT48Ou3XfbeN+7H1bsx1BrEj8cXDjFF50\niigj2EVt9JhH5WOsLNAtZC6fxCNbqBDazLSupj6uMMY/sBFfkgIwq1giOPi3dmPW\nc3aDbPkuE6YekosCggEBAM4KmKoG3fekntcD+1jUiqKFhxb0i5rGCtdLnAAAiQlp\nj/OKZNmo4lYfYv+ctc60OZ3EUEK13mJ2zLLFLGl99L50Z45JDxdOiCV4r10qLe+e\npW7GotM76qEvkkAJ7YbIvRymn0IibvdG1gvVwU5l5pU04qa3E1UCgiHddA5xQqcn\n4j9D8eKCzCk4K5ZHe0Y+RT27iDlL3yGKHYxURHek4YP8CwhADoPLiDg+6F5K/dpJ\n83fS+v7nturjZMlvqRbqtV7TIw4G8UHw3HuIsiXgI2xTgNM37x0BSHiI4rTFJ7qx\nWSTkdPntdpq0bUOs9tvJAsjxMtciyMdVwQ+assFKzrcCggEAcjebVmGHQUJ6pVcL\nxGGuip4C0iwRO2HHvKIDNHcsDNKqJYA8Uys+GmBHoXGqNgaWnIZTeYOPxgs4j3AW\nUwVDvQk3ro6Rn4SzTE1cfwpN1UScU5MpQYUf0xQt1A0LCZ5JePF/i5sEMgsm8GUI\ncUFs1ul9rGju+CLoLPa3fe+pdGJmmnRpgtVPYNCzV+AtQjmZzkDLBfdcwyE2Ukwv\nNDxvBS7/ftN7Y8UBWrd0hdMX4M3wCWl38x7oxmgg2V6XaCXbNNNAhaIjF/IeBJOi\nHkn+sKgeujS6R+vOk6BQZGUEIyajghUa4++u7B1s3oLpxqa6cRSvF5bCN00H7Htu\nLxJRDwKCAQAl9MvE3rj7Suc8Au7FoXnckK6fKvOg0oTivnoBghe8lSbAnakQc80m\nQmfxYMQZTRgkGSsT7v8Fso7pC+uvj1WL1FPTYWAXUg9An+fmSMPnlZkyPAN42FvT\nz7iodWu9XbOA2K0T+NXqVbFOwtT2hU0iBXkPb0Bvc6PXaz1a/8BgnLdQIksoCCJm\nIYPeDlMGUKhew/JHY9O6EQB6fneSdtxYfRDnNy21V8RDYEtcO4JiOSdR1psIZFVN\nFhDWDuzeXOSGkGyvw9Wj6SQk2by/v3enGAbuYip5dGgOVGE3He7AtLUQV8m41Ob5\nfu11/yIGwRPzQoO0ICNOnVyQbFYrx4UnAoIBACI9NO1ZAqq5PnzMOseQHixLEMP/\nWXby3g+1Efy68sysmuoL4Wtd3bo/5ad6V7HhHAe5Qo4vvSJj5DwMnLGJBdDhgb3L\nS1vzw1CkUPNnFC6T4fjaFXnd6XuQpRkFj69FMJFayITWL2GAFR89bAtiBMhIkdin\nw/hywEhFJ8NKYnPfkXpbCyn6kywHVc3Eb+M2bW38nsNaSRkG2OXU5j3RrUjA44qX\nxLcvJeV/bOYlEgRyH3xKTS0de67gOjxXfEkTv/1psAWo4x99bmrNKnjY4vqYVmxu\nyy2QehKbSDttCmdlmBRm/eELerE5a5YDPRUFtHfaTRJ2ZsKdw2P1p0A1PhE=\n-----END RSA PRIVATE KEY-----\n",
            "content_base64": null,
            "content_base64sha256": "xxxsoCd1m4+vAtrfQizndW+QWYwMyhrWOOU7/DPGHlw=",
            "content_base64sha512": "UhpBwoX5Pi423pmO0T3V4RSW2IIkpevrZvo7zbe7s3CFAT608EAn7Cvq8q/aFG3NKOmSlACIhAP4TdozaN0UrQ==",
            "content_md5": "d9f62963e573c9d3499bf4f6608e2734",
            "content_sha1": "3c49d43168804dd1247c2f6eaf28a76f98656c06",
            "content_sha256": "c71c6ca027759b8faf02dadf422ce7756f90598c0cca1ad638e53bfc33c61e5c",
            "content_sha512": "521a41c285f93e2e36de998ed13dd5e11496d88224a5ebeb66fa3bcdb7bbb37085013eb4f04027ec2beaf2afda146dcd28e9929400888403f84dda3368dd14ad",
            "directory_permission": "0777",
            "file_permission": "0777",
            "filename": "tfkey",
            "id": "3c49d43168804dd1247c2f6eaf28a76f98656c06",
            "sensitive_content": null,
            "source": null
          },
          "sensitive_attributes": [
            [
              {
                "type": "get_attr",
                "value": "content"
              }
            ],
            [
              {
                "type": "get_attr",
                "value": "sensitive_content"
              }
            ]
          ],
          "dependencies": [
            "tls_private_key.rsa"
          ]
        }
      ]
    },
    {
      "mode": "managed",
      "type": "tls_private_key",
      "name": "rsa",
      "provider": "provider[\"registry.terraform.io/hashicorp/tls\"]",
      "instances": [
        {
          "schema_version": 1,
          "attributes": {
            "algorithm": "RSA",
            "ecdsa_curve": "P224",
            "id": "bacd4f02cb6812c82b26207946f7ca643679fd4e",
            "private_key_openssh": "-----BEGIN OPENSSH PRIVATE KEY-----\nb3BlbnNzaC1rZXktdjEAAAAABG5vbmUAAAAEbm9uZQAAAAAAAAABAAACFwAAAAdz\nc2gtcnNhAAAAAwEAAQAAAgEAwey+h9O7fAwAB0w9O/V37u5W/+gsCPxqURJuAoSk\nDInVDEw1p1zr5VQtxndQjZN9lt6VGxMDLsk/PP/CdqZdwTnsG0J3HzXq6U0glsVT\nv6NJYLur8scXO9k2BaAEsVmIgwR2q1oa/ftWPodleV2zamerg93SzbW5UFPbSQpf\n3IDj8T9vYs3t7DKJpT+uJg5o8rFNeFp3o/+R1hrZuw4QkYZeZ5MnoQa4j067jbvO\nKdOq+ncHJV0VTkjzUE4VU6Wau2NxJJc0wTlf7peXr6w9Dt2Ik2l/O8g2V31SDpAF\niditYlVw3vamct3bqn3CS0xH6WSPdDCFNaZnL6uqgoj5jOQW13FyobI4Ce06LLUa\niUPqQlKn+X6ujOkexGa0ALiNFrus4NVfx9Xmn0qByZ2kbxFDEmSmdS19DO40O7a7\nqNp6Xuo+NQDkvb3SYlja/udscl3iU5BCwuPqxYdQoy430Z8URaltblcl/eBu4UcR\nSTyC/Y7FhMZFcg6yc1b4OJrmf3jKtDFqXYPLTa3pGahtByVG7OFG6jGB+47n49Ig\nh7t9dI2JArkVynmVdPKzl8fwELqn6Cxa3syP1DF/KCU1anr5Y7t4zH6wuJCTkNkr\nNgB1VTmdF0cpygirKelnFKhONkX1DLKngsSiJAYp6DJWIQiAWayaEy5r0a1Tr4D0\nm10AAAc4bNE++2zRPvsAAAAHc3NoLXJzYQAAAgEAwey+h9O7fAwAB0w9O/V37u5W\n/+gsCPxqURJuAoSkDInVDEw1p1zr5VQtxndQjZN9lt6VGxMDLsk/PP/CdqZdwTns\nG0J3HzXq6U0glsVTv6NJYLur8scXO9k2BaAEsVmIgwR2q1oa/ftWPodleV2zamer\ng93SzbW5UFPbSQpf3IDj8T9vYs3t7DKJpT+uJg5o8rFNeFp3o/+R1hrZuw4QkYZe\nZ5MnoQa4j067jbvOKdOq+ncHJV0VTkjzUE4VU6Wau2NxJJc0wTlf7peXr6w9Dt2I\nk2l/O8g2V31SDpAFiditYlVw3vamct3bqn3CS0xH6WSPdDCFNaZnL6uqgoj5jOQW\n13FyobI4Ce06LLUaiUPqQlKn+X6ujOkexGa0ALiNFrus4NVfx9Xmn0qByZ2kbxFD\nEmSmdS19DO40O7a7qNp6Xuo+NQDkvb3SYlja/udscl3iU5BCwuPqxYdQoy430Z8U\nRaltblcl/eBu4UcRSTyC/Y7FhMZFcg6yc1b4OJrmf3jKtDFqXYPLTa3pGahtByVG\n7OFG6jGB+47n49Igh7t9dI2JArkVynmVdPKzl8fwELqn6Cxa3syP1DF/KCU1anr5\nY7t4zH6wuJCTkNkrNgB1VTmdF0cpygirKelnFKhONkX1DLKngsSiJAYp6DJWIQiA\nWayaEy5r0a1Tr4D0m10AAAADAQABAAACAQC3J2sYC+CyGv9X5SicXY1Fi7N9hQE6\nB3Q+V8Kw/CeYdAFU2RF/nWJquON246+f12IxQM3gwUcrRAVHDmPS/fPkkFkvscmi\nH6FbcW3LGFmt0IF4LCgNZv3Jl6/PBkAIZIBrBacy1SpTILNm4Sf0xYuzfnBeXf5A\nLVb1yA1+4Z6COvWOH5SK4+XHRD/+Y7ON2+RA+zYo6oC+0p0hc0Cay4DYgOjet/wg\nuKFNMFYxWeQwWurMHekQ3+ZEht/Ow8CevPTz8MqmfWzk5dR2GpS35VvRk2fvmh8C\nDmlMnl8Gw/2HIK85BWtSGfBA4ssaLiZ4SXZNt51JZp4Zeq1QN7kWClptkcA576Cy\n8Shx9dKwiejJjuOXDEtTvQa5EheVI5pkIQq9deaKiz6VYn3OINoJdogxDLkbV38C\nyqv9ApXi/zJiPDzdEwS2mZtxKILkqRfr7qVZS2m11wApJmx2spRAVyQY0i7ezMKU\nZGD1FICMBMxaTarAt5uRlC26blhdDQ32BMqshJWkBmYIsgGCqe37gF9G7fwsStY0\nUKkDFjfiBGTy6wlxD4FR6ZErR6gTmW/GdqpRQ2vGKcnS4j7iZ2AXpiPyA2mxCnVz\nw5xKeSZBcPvCDVfBzT2kCwgtp/O7z+W8yCgsjAnWI0Nvgf2WNkyTeuPo4czKp7b5\n6kME7V4JJAf7/QAAAQAiPTTtWQKquT58zDrHkB4sSxDD/1l28t4PtRH8uvLMrJrq\nC+FrXd26P+Wnelex4RwHuUKOL70iY+Q8DJyxiQXQ4YG9y0tb88NQpFDzZxQuk+H4\n2hV53el7kKUZBY+vRTCRWsiE1i9hgBUfPWwLYgTISJHYp8P4csBIRSfDSmJz35F6\nWwsp+pMsB1XNxG/jNm1t/J7DWkkZBtjl1OY90a1IwOOKl8S3LyXlf2zmJRIEch98\nSk0tHXuu4Do8V3xJE7/9abAFqOMffW5qzSp42OL6mFZsbsstkHoSm0g7bQpnZZgU\nZv3hC3qxOWuWAz0VBbR32k0SdmbCncNj9adANT4RAAABAQDw8gurCJuqN301jQZM\nkFxCptgT1VfxloBBNhiPVYekjjfjA5EMXXR5DXCeBpsYdJaf4plIrem3EMHmDGyh\n1dDvI9v4xGIb9B/QziURZtqT1XXg3TVP05RiSi+uFSMRVxVxaysllqNyKdGz1+Sx\ntU+lFGp60VjH9P5b74XzYqwKWTvOfAP7aKDVlori0Tq7SqYSqS7V65H2tGyRzqc7\nL8/j5qAn+SmQ4AuZmMa7h0+PDrt1323jfux9W7MdQaxI/HFw4xRedIooI9hFbfSY\nR+VjrCzQLWQun8QjW6gQ2sy0rqY+rjDGP7ARX5ICMKtYIjj4t3Zj1nN2g2z5LhOm\nHpKLAAABAQDOCpiqBt33pJ7XA/tY1IqihYcW9IuaxgrXS5wAAIkJaY/zimTZqOJW\nH2L/nLXOtDmdxFBCtd5idsyyxSxpffS+dGeOSQ8XTogleK9dKi3vnqVuxqLTO+qh\nL5JACe2GyL0cpp9CIm73RtYL1cFOZeaVNOKmtxNVAoIh3XQOcUKnJ+I/Q/Higswp\nOCuWR3tGPkU9u4g5S98hih2MVER3pOGD/AsIQA6Dy4g4PuheSv3aSfN30vr+57bq\n42TJb6kW6rVe0yMOBvFB8Nx7iLIl4CNsU4DTN+8dAUh4iOK0xSe6sVkk5HT57Xaa\ntG1DrPbbyQLI8TLXIsjHVcEPmrLBSs63AAAAAAEC\n-----END OPENSSH PRIVATE KEY-----\n",
            "private_key_pem": "-----BEGIN RSA PRIVATE KEY-----\nMIIJKAIBAAKCAgEAwey+h9O7fAwAB0w9O/V37u5W/+gsCPxqURJuAoSkDInVDEw1\np1zr5VQtxndQjZN9lt6VGxMDLsk/PP/CdqZdwTnsG0J3HzXq6U0glsVTv6NJYLur\n8scXO9k2BaAEsVmIgwR2q1oa/ftWPodleV2zamerg93SzbW5UFPbSQpf3IDj8T9v\nYs3t7DKJpT+uJg5o8rFNeFp3o/+R1hrZuw4QkYZeZ5MnoQa4j067jbvOKdOq+ncH\nJV0VTkjzUE4VU6Wau2NxJJc0wTlf7peXr6w9Dt2Ik2l/O8g2V31SDpAFiditYlVw\n3vamct3bqn3CS0xH6WSPdDCFNaZnL6uqgoj5jOQW13FyobI4Ce06LLUaiUPqQlKn\n+X6ujOkexGa0ALiNFrus4NVfx9Xmn0qByZ2kbxFDEmSmdS19DO40O7a7qNp6Xuo+\nNQDkvb3SYlja/udscl3iU5BCwuPqxYdQoy430Z8URaltblcl/eBu4UcRSTyC/Y7F\nhMZFcg6yc1b4OJrmf3jKtDFqXYPLTa3pGahtByVG7OFG6jGB+47n49Igh7t9dI2J\nArkVynmVdPKzl8fwELqn6Cxa3syP1DF/KCU1anr5Y7t4zH6wuJCTkNkrNgB1VTmd\nF0cpygirKelnFKhONkX1DLKngsSiJAYp6DJWIQiAWayaEy5r0a1Tr4D0m10CAwEA\nAQKCAgEAtydrGAvgshr/V+UonF2NRYuzfYUBOgd0PlfCsPwnmHQBVNkRf51iarjj\nduOvn9diMUDN4MFHK0QFRw5j0v3z5JBZL7HJoh+hW3FtyxhZrdCBeCwoDWb9yZev\nzwZACGSAawWnMtUqUyCzZuEn9MWLs35wXl3+QC1W9cgNfuGegjr1jh+UiuPlx0Q/\n/mOzjdvkQPs2KOqAvtKdIXNAmsuA2IDo3rf8ILihTTBWMVnkMFrqzB3pEN/mRIbf\nzsPAnrz08/DKpn1s5OXUdhqUt+Vb0ZNn75ofAg5pTJ5fBsP9hyCvOQVrUhnwQOLL\nGi4meEl2TbedSWaeGXqtUDe5FgpabZHAOe+gsvEocfXSsInoyY7jlwxLU70GuRIX\nlSOaZCEKvXXmios+lWJ9ziDaCXaIMQy5G1d/Asqr/QKV4v8yYjw83RMEtpmbcSiC\n5KkX6+6lWUtptdcAKSZsdrKUQFckGNIu3szClGRg9RSAjATMWk2qwLebkZQtum5Y\nXQ0N9gTKrISVpAZmCLIBgqnt+4BfRu38LErWNFCpAxY34gRk8usJcQ+BUemRK0eo\nE5lvxnaqUUNrxinJ0uI+4mdgF6Yj8gNpsQp1c8OcSnkmQXD7wg1Xwc09pAsILafz\nu8/lvMgoLIwJ1iNDb4H9ljZMk3rj6OHMyqe2+epDBO1eCSQH+/0CggEBAPDyC6sI\nm6o3fTWNBkyQXEKm2BPVV/GWgEE2GI9Vh6SON+MDkQxddHkNcJ4Gmxh0lp/imUit\n6bcQweYMbKHV0O8j2/jEYhv0H9DOJRFm2pPVdeDdNU/TlGJKL64VIxFXFXFrKyWW\no3Ip0bPX5LG1T6UUanrRWMf0/lvvhfNirApZO858A/tooNWWiuLROrtKphKpLtXr\nkfa0bJHOpzsvz+PmoCf5KZDgC5mYxruHT48Ou3XfbeN+7H1bsx1BrEj8cXDjFF50\niigj2EVt9JhH5WOsLNAtZC6fxCNbqBDazLSupj6uMMY/sBFfkgIwq1giOPi3dmPW\nc3aDbPkuE6YekosCggEBAM4KmKoG3fekntcD+1jUiqKFhxb0i5rGCtdLnAAAiQlp\nj/OKZNmo4lYfYv+ctc60OZ3EUEK13mJ2zLLFLGl99L50Z45JDxdOiCV4r10qLe+e\npW7GotM76qEvkkAJ7YbIvRymn0IibvdG1gvVwU5l5pU04qa3E1UCgiHddA5xQqcn\n4j9D8eKCzCk4K5ZHe0Y+RT27iDlL3yGKHYxURHek4YP8CwhADoPLiDg+6F5K/dpJ\n83fS+v7nturjZMlvqRbqtV7TIw4G8UHw3HuIsiXgI2xTgNM37x0BSHiI4rTFJ7qx\nWSTkdPntdpq0bUOs9tvJAsjxMtciyMdVwQ+assFKzrcCggEAcjebVmGHQUJ6pVcL\nxGGuip4C0iwRO2HHvKIDNHcsDNKqJYA8Uys+GmBHoXGqNgaWnIZTeYOPxgs4j3AW\nUwVDvQk3ro6Rn4SzTE1cfwpN1UScU5MpQYUf0xQt1A0LCZ5JePF/i5sEMgsm8GUI\ncUFs1ul9rGju+CLoLPa3fe+pdGJmmnRpgtVPYNCzV+AtQjmZzkDLBfdcwyE2Ukwv\nNDxvBS7/ftN7Y8UBWrd0hdMX4M3wCWl38x7oxmgg2V6XaCXbNNNAhaIjF/IeBJOi\nHkn+sKgeujS6R+vOk6BQZGUEIyajghUa4++u7B1s3oLpxqa6cRSvF5bCN00H7Htu\nLxJRDwKCAQAl9MvE3rj7Suc8Au7FoXnckK6fKvOg0oTivnoBghe8lSbAnakQc80m\nQmfxYMQZTRgkGSsT7v8Fso7pC+uvj1WL1FPTYWAXUg9An+fmSMPnlZkyPAN42FvT\nz7iodWu9XbOA2K0T+NXqVbFOwtT2hU0iBXkPb0Bvc6PXaz1a/8BgnLdQIksoCCJm\nIYPeDlMGUKhew/JHY9O6EQB6fneSdtxYfRDnNy21V8RDYEtcO4JiOSdR1psIZFVN\nFhDWDuzeXOSGkGyvw9Wj6SQk2by/v3enGAbuYip5dGgOVGE3He7AtLUQV8m41Ob5\nfu11/yIGwRPzQoO0ICNOnVyQbFYrx4UnAoIBACI9NO1ZAqq5PnzMOseQHixLEMP/\nWXby3g+1Efy68sysmuoL4Wtd3bo/5ad6V7HhHAe5Qo4vvSJj5DwMnLGJBdDhgb3L\nS1vzw1CkUPNnFC6T4fjaFXnd6XuQpRkFj69FMJFayITWL2GAFR89bAtiBMhIkdin\nw/hywEhFJ8NKYnPfkXpbCyn6kywHVc3Eb+M2bW38nsNaSRkG2OXU5j3RrUjA44qX\nxLcvJeV/bOYlEgRyH3xKTS0de67gOjxXfEkTv/1psAWo4x99bmrNKnjY4vqYVmxu\nyy2QehKbSDttCmdlmBRm/eELerE5a5YDPRUFtHfaTRJ2ZsKdw2P1p0A1PhE=\n-----END RSA PRIVATE KEY-----\n",
            "private_key_pem_pkcs8": "-----BEGIN PRIVATE KEY-----\nMIIJQgIBADANBgkqhkiG9w0BAQEFAASCCSwwggkoAgEAAoICAQDB7L6H07t8DAAH\nTD079Xfu7lb/6CwI/GpREm4ChKQMidUMTDWnXOvlVC3Gd1CNk32W3pUbEwMuyT88\n/8J2pl3BOewbQncfNerpTSCWxVO/o0lgu6vyxxc72TYFoASxWYiDBHarWhr9+1Y+\nh2V5XbNqZ6uD3dLNtblQU9tJCl/cgOPxP29ize3sMomlP64mDmjysU14Wnej/5HW\nGtm7DhCRhl5nkyehBriPTruNu84p06r6dwclXRVOSPNQThVTpZq7Y3EklzTBOV/u\nl5evrD0O3YiTaX87yDZXfVIOkAWJ2K1iVXDe9qZy3duqfcJLTEfpZI90MIU1pmcv\nq6qCiPmM5BbXcXKhsjgJ7TostRqJQ+pCUqf5fq6M6R7EZrQAuI0Wu6zg1V/H1eaf\nSoHJnaRvEUMSZKZ1LX0M7jQ7truo2npe6j41AOS9vdJiWNr+52xyXeJTkELC4+rF\nh1CjLjfRnxRFqW1uVyX94G7hRxFJPIL9jsWExkVyDrJzVvg4muZ/eMq0MWpdg8tN\nrekZqG0HJUbs4UbqMYH7jufj0iCHu310jYkCuRXKeZV08rOXx/AQuqfoLFrezI/U\nMX8oJTVqevlju3jMfrC4kJOQ2Ss2AHVVOZ0XRynKCKsp6WcUqE42RfUMsqeCxKIk\nBinoMlYhCIBZrJoTLmvRrVOvgPSbXQIDAQABAoICAQC3J2sYC+CyGv9X5SicXY1F\ni7N9hQE6B3Q+V8Kw/CeYdAFU2RF/nWJquON246+f12IxQM3gwUcrRAVHDmPS/fPk\nkFkvscmiH6FbcW3LGFmt0IF4LCgNZv3Jl6/PBkAIZIBrBacy1SpTILNm4Sf0xYuz\nfnBeXf5ALVb1yA1+4Z6COvWOH5SK4+XHRD/+Y7ON2+RA+zYo6oC+0p0hc0Cay4DY\ngOjet/wguKFNMFYxWeQwWurMHekQ3+ZEht/Ow8CevPTz8MqmfWzk5dR2GpS35VvR\nk2fvmh8CDmlMnl8Gw/2HIK85BWtSGfBA4ssaLiZ4SXZNt51JZp4Zeq1QN7kWClpt\nkcA576Cy8Shx9dKwiejJjuOXDEtTvQa5EheVI5pkIQq9deaKiz6VYn3OINoJdogx\nDLkbV38Cyqv9ApXi/zJiPDzdEwS2mZtxKILkqRfr7qVZS2m11wApJmx2spRAVyQY\n0i7ezMKUZGD1FICMBMxaTarAt5uRlC26blhdDQ32BMqshJWkBmYIsgGCqe37gF9G\n7fwsStY0UKkDFjfiBGTy6wlxD4FR6ZErR6gTmW/GdqpRQ2vGKcnS4j7iZ2AXpiPy\nA2mxCnVzw5xKeSZBcPvCDVfBzT2kCwgtp/O7z+W8yCgsjAnWI0Nvgf2WNkyTeuPo\n4czKp7b56kME7V4JJAf7/QKCAQEA8PILqwibqjd9NY0GTJBcQqbYE9VX8ZaAQTYY\nj1WHpI434wORDF10eQ1wngabGHSWn+KZSK3ptxDB5gxsodXQ7yPb+MRiG/Qf0M4l\nEWbak9V14N01T9OUYkovrhUjEVcVcWsrJZajcinRs9fksbVPpRRqetFYx/T+W++F\n82KsClk7znwD+2ig1ZaK4tE6u0qmEqku1euR9rRskc6nOy/P4+agJ/kpkOALmZjG\nu4dPjw67dd9t437sfVuzHUGsSPxxcOMUXnSKKCPYRW30mEflY6ws0C1kLp/EI1uo\nENrMtK6mPq4wxj+wEV+SAjCrWCI4+Ld2Y9ZzdoNs+S4Tph6SiwKCAQEAzgqYqgbd\n96Se1wP7WNSKooWHFvSLmsYK10ucAACJCWmP84pk2ajiVh9i/5y1zrQ5ncRQQrXe\nYnbMssUsaX30vnRnjkkPF06IJXivXSot756lbsai0zvqoS+SQAnthsi9HKafQiJu\n90bWC9XBTmXmlTTiprcTVQKCId10DnFCpyfiP0Px4oLMKTgrlkd7Rj5FPbuIOUvf\nIYodjFREd6Thg/wLCEAOg8uIOD7oXkr92knzd9L6/ue26uNkyW+pFuq1XtMjDgbx\nQfDce4iyJeAjbFOA0zfvHQFIeIjitMUnurFZJOR0+e12mrRtQ6z228kCyPEy1yLI\nx1XBD5qywUrOtwKCAQByN5tWYYdBQnqlVwvEYa6KngLSLBE7Yce8ogM0dywM0qol\ngDxTKz4aYEehcao2BpachlN5g4/GCziPcBZTBUO9CTeujpGfhLNMTVx/Ck3VRJxT\nkylBhR/TFC3UDQsJnkl48X+LmwQyCybwZQhxQWzW6X2saO74Iugs9rd976l0Ymaa\ndGmC1U9g0LNX4C1COZnOQMsF91zDITZSTC80PG8FLv9+03tjxQFat3SF0xfgzfAJ\naXfzHujGaCDZXpdoJds000CFoiMX8h4Ek6IeSf6wqB66NLpH686ToFBkZQQjJqOC\nFRrj767sHWzegunGprpxFK8XlsI3TQfse24vElEPAoIBACX0y8TeuPtK5zwC7sWh\nedyQrp8q86DShOK+egGCF7yVJsCdqRBzzSZCZ/FgxBlNGCQZKxPu/wWyjukL66+P\nVYvUU9NhYBdSD0Cf5+ZIw+eVmTI8A3jYW9PPuKh1a71ds4DYrRP41epVsU7C1PaF\nTSIFeQ9vQG9zo9drPVr/wGCct1AiSygIImYhg94OUwZQqF7D8kdj07oRAHp+d5J2\n3Fh9EOc3LbVXxENgS1w7gmI5J1HWmwhkVU0WENYO7N5c5IaQbK/D1aPpJCTZvL+/\nd6cYBu5iKnl0aA5UYTcd7sC0tRBXybjU5vl+7XX/IgbBE/NCg7QgI06dXJBsVivH\nhScCggEAIj007VkCqrk+fMw6x5AeLEsQw/9ZdvLeD7UR/LryzKya6gvha13duj/l\np3pXseEcB7lCji+9ImPkPAycsYkF0OGBvctLW/PDUKRQ82cULpPh+NoVed3pe5Cl\nGQWPr0UwkVrIhNYvYYAVHz1sC2IEyEiR2KfD+HLASEUnw0pic9+RelsLKfqTLAdV\nzcRv4zZtbfyew1pJGQbY5dTmPdGtSMDjipfEty8l5X9s5iUSBHIffEpNLR17ruA6\nPFd8SRO//WmwBajjH31uas0qeNji+phWbG7LLZB6EptIO20KZ2WYFGb94Qt6sTlr\nlgM9FQW0d9pNEnZmwp3DY/WnQDU+EQ==\n-----END PRIVATE KEY-----\n",
            "public_key_fingerprint_md5": "3c:f9:85:5a:1f:57:f3:7e:26:de:fd:97:fc:32:a1:48",
            "public_key_fingerprint_sha256": "SHA256:2Txjj9+My0OBglvTyHFoueeYAp/2F1u/BznPqJ422yw",
            "public_key_openssh": "ssh-rsa AAAAB3NzaC1yc2EAAAADAQABAAACAQDB7L6H07t8DAAHTD079Xfu7lb/6CwI/GpREm4ChKQMidUMTDWnXOvlVC3Gd1CNk32W3pUbEwMuyT88/8J2pl3BOewbQncfNerpTSCWxVO/o0lgu6vyxxc72TYFoASxWYiDBHarWhr9+1Y+h2V5XbNqZ6uD3dLNtblQU9tJCl/cgOPxP29ize3sMomlP64mDmjysU14Wnej/5HWGtm7DhCRhl5nkyehBriPTruNu84p06r6dwclXRVOSPNQThVTpZq7Y3EklzTBOV/ul5evrD0O3YiTaX87yDZXfVIOkAWJ2K1iVXDe9qZy3duqfcJLTEfpZI90MIU1pmcvq6qCiPmM5BbXcXKhsjgJ7TostRqJQ+pCUqf5fq6M6R7EZrQAuI0Wu6zg1V/H1eafSoHJnaRvEUMSZKZ1LX0M7jQ7truo2npe6j41AOS9vdJiWNr+52xyXeJTkELC4+rFh1CjLjfRnxRFqW1uVyX94G7hRxFJPIL9jsWExkVyDrJzVvg4muZ/eMq0MWpdg8tNrekZqG0HJUbs4UbqMYH7jufj0iCHu310jYkCuRXKeZV08rOXx/AQuqfoLFrezI/UMX8oJTVqevlju3jMfrC4kJOQ2Ss2AHVVOZ0XRynKCKsp6WcUqE42RfUMsqeCxKIkBinoMlYhCIBZrJoTLmvRrVOvgPSbXQ==\n",
            "public_key_pem": "-----BEGIN PUBLIC KEY-----\nMIICIjANBgkqhkiG9w0BAQEFAAOCAg8AMIICCgKCAgEAwey+h9O7fAwAB0w9O/V3\n7u5W/+gsCPxqURJuAoSkDInVDEw1p1zr5VQtxndQjZN9lt6VGxMDLsk/PP/CdqZd\nwTnsG0J3HzXq6U0glsVTv6NJYLur8scXO9k2BaAEsVmIgwR2q1oa/ftWPodleV2z\namerg93SzbW5UFPbSQpf3IDj8T9vYs3t7DKJpT+uJg5o8rFNeFp3o/+R1hrZuw4Q\nkYZeZ5MnoQa4j067jbvOKdOq+ncHJV0VTkjzUE4VU6Wau2NxJJc0wTlf7peXr6w9\nDt2Ik2l/O8g2V31SDpAFiditYlVw3vamct3bqn3CS0xH6WSPdDCFNaZnL6uqgoj5\njOQW13FyobI4Ce06LLUaiUPqQlKn+X6ujOkexGa0ALiNFrus4NVfx9Xmn0qByZ2k\nbxFDEmSmdS19DO40O7a7qNp6Xuo+NQDkvb3SYlja/udscl3iU5BCwuPqxYdQoy43\n0Z8URaltblcl/eBu4UcRSTyC/Y7FhMZFcg6yc1b4OJrmf3jKtDFqXYPLTa3pGaht\nByVG7OFG6jGB+47n49Igh7t9dI2JArkVynmVdPKzl8fwELqn6Cxa3syP1DF/KCU1\nanr5Y7t4zH6wuJCTkNkrNgB1VTmdF0cpygirKelnFKhONkX1DLKngsSiJAYp6DJW\nIQiAWayaEy5r0a1Tr4D0m10CAwEAAQ==\n-----END PUBLIC KEY-----\n",
            "rsa_bits": 4096
          },
          "sensitive_attributes": [
            [
              {
                "type": "get_attr",
                "value": "private_key_pem"
              }
            ],
            [
              {
                "type": "get_attr",
                "value": "private_key_pem_pkcs8"
              }
            ],
            [
              {
                "type": "get_attr",
                "value": "private_key_openssh"
              }
            ]
          ]
        }
      ]
    }
  ],
  "check_results": null
}
